// !$*UTF8*$!
{
	archiveVersion = 1;
	classes = {
	};
	objectVersion = 46;
	objects = {

/* Begin PBXBuildFile section */
		434414A019D590F100243CB4 /* AppDelegate.swift in Sources */ = {isa = PBXBuildFile; fileRef = 4344149F19D590F100243CB4 /* AppDelegate.swift */; };
		434414A219D590F100243CB4 /* ViewController.swift in Sources */ = {isa = PBXBuildFile; fileRef = 434414A119D590F100243CB4 /* ViewController.swift */; };
		434414A519D590F100243CB4 /* Main.storyboard in Resources */ = {isa = PBXBuildFile; fileRef = 434414A319D590F100243CB4 /* Main.storyboard */; };
		434414A719D590F100243CB4 /* Images.xcassets in Resources */ = {isa = PBXBuildFile; fileRef = 434414A619D590F100243CB4 /* Images.xcassets */; };
		434414AA19D590F100243CB4 /* LaunchScreen.xib in Resources */ = {isa = PBXBuildFile; fileRef = 434414A819D590F100243CB4 /* LaunchScreen.xib */; };
		434414B619D590F100243CB4 /* scramblerTests.swift in Sources */ = {isa = PBXBuildFile; fileRef = 434414B519D590F100243CB4 /* scramblerTests.swift */; };
		434414C019D594B900243CB4 /* AVFoundation.framework in Frameworks */ = {isa = PBXBuildFile; fileRef = 434414BF19D594B900243CB4 /* AVFoundation.framework */; };
/* End PBXBuildFile section */

/* Begin PBXContainerItemProxy section */
		434414B019D590F100243CB4 /* PBXContainerItemProxy */ = {
			isa = PBXContainerItemProxy;
			containerPortal = 4344149219D590F100243CB4 /* Project object */;
			proxyType = 1;
			remoteGlobalIDString = 4344149919D590F100243CB4;
			remoteInfo = scrambler;
		};
/* End PBXContainerItemProxy section */

/* Begin PBXFileReference section */
		4344149A19D590F100243CB4 /* scrambler.app */ = {isa = PBXFileReference; explicitFileType = wrapper.application; includeInIndex = 0; path = scrambler.app; sourceTree = BUILT_PRODUCTS_DIR; };
		4344149E19D590F100243CB4 /* Info.plist */ = {isa = PBXFileReference; lastKnownFileType = text.plist.xml; path = Info.plist; sourceTree = "<group>"; };
		4344149F19D590F100243CB4 /* AppDelegate.swift */ = {isa = PBXFileReference; lastKnownFileType = sourcecode.swift; path = AppDelegate.swift; sourceTree = "<group>"; };
		434414A119D590F100243CB4 /* ViewController.swift */ = {isa = PBXFileReference; lastKnownFileType = sourcecode.swift; path = ViewController.swift; sourceTree = "<group>"; };
		434414A419D590F100243CB4 /* Base */ = {isa = PBXFileReference; lastKnownFileType = file.storyboard; name = Base; path = Base.lproj/Main.storyboard; sourceTree = "<group>"; };
		434414A619D590F100243CB4 /* Images.xcassets */ = {isa = PBXFileReference; lastKnownFileType = folder.assetcatalog; path = Images.xcassets; sourceTree = "<group>"; };
		434414A919D590F100243CB4 /* Base */ = {isa = PBXFileReference; lastKnownFileType = file.xib; name = Base; path = Base.lproj/LaunchScreen.xib; sourceTree = "<group>"; };
		434414AF19D590F100243CB4 /* scramblerTests.xctest */ = {isa = PBXFileReference; explicitFileType = wrapper.cfbundle; includeInIndex = 0; path = scramblerTests.xctest; sourceTree = BUILT_PRODUCTS_DIR; };
		434414B419D590F100243CB4 /* Info.plist */ = {isa = PBXFileReference; lastKnownFileType = text.plist.xml; path = Info.plist; sourceTree = "<group>"; };
		434414B519D590F100243CB4 /* scramblerTests.swift */ = {isa = PBXFileReference; lastKnownFileType = sourcecode.swift; path = scramblerTests.swift; sourceTree = "<group>"; };
		434414BF19D594B900243CB4 /* AVFoundation.framework */ = {isa = PBXFileReference; lastKnownFileType = wrapper.framework; name = AVFoundation.framework; path = System/Library/Frameworks/AVFoundation.framework; sourceTree = SDKROOT; };
/* End PBXFileReference section */

/* Begin PBXFrameworksBuildPhase section */
		4344149719D590F100243CB4 /* Frameworks */ = {
			isa = PBXFrameworksBuildPhase;
			buildActionMask = 2147483647;
			files = (
				434414C019D594B900243CB4 /* AVFoundation.framework in Frameworks */,
			);
			runOnlyForDeploymentPostprocessing = 0;
		};
		434414AC19D590F100243CB4 /* Frameworks */ = {
			isa = PBXFrameworksBuildPhase;
			buildActionMask = 2147483647;
			files = (
			);
			runOnlyForDeploymentPostprocessing = 0;
		};
/* End PBXFrameworksBuildPhase section */

/* Begin PBXGroup section */
		4344149119D590F100243CB4 = {
			isa = PBXGroup;
			children = (
				434414BF19D594B900243CB4 /* AVFoundation.framework */,
				4344149C19D590F100243CB4 /* scrambler */,
				434414B219D590F100243CB4 /* scramblerTests */,
				4344149B19D590F100243CB4 /* Products */,
			);
			sourceTree = "<group>";
		};
		4344149B19D590F100243CB4 /* Products */ = {
			isa = PBXGroup;
			children = (
				4344149A19D590F100243CB4 /* scrambler.app */,
				434414AF19D590F100243CB4 /* scramblerTests.xctest */,
			);
			name = Products;
			sourceTree = "<group>";
		};
		4344149C19D590F100243CB4 /* scrambler */ = {
			isa = PBXGroup;
			children = (
				4344149F19D590F100243CB4 /* AppDelegate.swift */,
				434414A119D590F100243CB4 /* ViewController.swift */,
				434414A319D590F100243CB4 /* Main.storyboard */,
				434414A619D590F100243CB4 /* Images.xcassets */,
				434414A819D590F100243CB4 /* LaunchScreen.xib */,
				4344149D19D590F100243CB4 /* Supporting Files */,
			);
			path = scrambler;
			sourceTree = "<group>";
		};
		4344149D19D590F100243CB4 /* Supporting Files */ = {
			isa = PBXGroup;
			children = (
				4344149E19D590F100243CB4 /* Info.plist */,
			);
			name = "Supporting Files";
			sourceTree = "<group>";
		};
		434414B219D590F100243CB4 /* scramblerTests */ = {
			isa = PBXGroup;
			children = (
				434414B519D590F100243CB4 /* scramblerTests.swift */,
				434414B319D590F100243CB4 /* Supporting Files */,
			);
			path = scramblerTests;
			sourceTree = "<group>";
		};
		434414B319D590F100243CB4 /* Supporting Files */ = {
			isa = PBXGroup;
			children = (
				434414B419D590F100243CB4 /* Info.plist */,
			);
			name = "Supporting Files";
			sourceTree = "<group>";
		};
/* End PBXGroup section */

/* Begin PBXNativeTarget section */
		4344149919D590F100243CB4 /* scrambler */ = {
			isa = PBXNativeTarget;
			buildConfigurationList = 434414B919D590F100243CB4 /* Build configuration list for PBXNativeTarget "scrambler" */;
			buildPhases = (
				4344149619D590F100243CB4 /* Sources */,
				4344149719D590F100243CB4 /* Frameworks */,
				4344149819D590F100243CB4 /* Resources */,
			);
			buildRules = (
			);
			dependencies = (
			);
			name = scrambler;
			productName = scrambler;
			productReference = 4344149A19D590F100243CB4 /* scrambler.app */;
			productType = "com.apple.product-type.application";
		};
		434414AE19D590F100243CB4 /* scramblerTests */ = {
			isa = PBXNativeTarget;
			buildConfigurationList = 434414BC19D590F100243CB4 /* Build configuration list for PBXNativeTarget "scramblerTests" */;
			buildPhases = (
				434414AB19D590F100243CB4 /* Sources */,
				434414AC19D590F100243CB4 /* Frameworks */,
				434414AD19D590F100243CB4 /* Resources */,
			);
			buildRules = (
			);
			dependencies = (
				434414B119D590F100243CB4 /* PBXTargetDependency */,
			);
			name = scramblerTests;
			productName = scramblerTests;
			productReference = 434414AF19D590F100243CB4 /* scramblerTests.xctest */;
			productType = "com.apple.product-type.bundle.unit-test";
		};
/* End PBXNativeTarget section */

/* Begin PBXProject section */
		4344149219D590F100243CB4 /* Project object */ = {
			isa = PBXProject;
			attributes = {
				LastUpgradeCheck = 0600;
				ORGANIZATIONNAME = saranpol;
				TargetAttributes = {
					4344149919D590F100243CB4 = {
						CreatedOnToolsVersion = 6.0.1;
					};
					434414AE19D590F100243CB4 = {
						CreatedOnToolsVersion = 6.0.1;
						TestTargetID = 4344149919D590F100243CB4;
					};
				};
			};
			buildConfigurationList = 4344149519D590F100243CB4 /* Build configuration list for PBXProject "scrambler" */;
			compatibilityVersion = "Xcode 3.2";
			developmentRegion = English;
			hasScannedForEncodings = 0;
			knownRegions = (
				en,
				Base,
			);
			mainGroup = 4344149119D590F100243CB4;
			productRefGroup = 4344149B19D590F100243CB4 /* Products */;
			projectDirPath = "";
			projectRoot = "";
			targets = (
				4344149919D590F100243CB4 /* scrambler */,
				434414AE19D590F100243CB4 /* scramblerTests */,
			);
		};
/* End PBXProject section */

/* Begin PBXResourcesBuildPhase section */
		4344149819D590F100243CB4 /* Resources */ = {
			isa = PBXResourcesBuildPhase;
			buildActionMask = 2147483647;
			files = (
				434414A519D590F100243CB4 /* Main.storyboard in Resources */,
				434414AA19D590F100243CB4 /* LaunchScreen.xib in Resources */,
				434414A719D590F100243CB4 /* Images.xcassets in Resources */,
			);
			runOnlyForDeploymentPostprocessing = 0;
		};
		434414AD19D590F100243CB4 /* Resources */ = {
			isa = PBXResourcesBuildPhase;
			buildActionMask = 2147483647;
			files = (
			);
			runOnlyForDeploymentPostprocessing = 0;
		};
/* End PBXResourcesBuildPhase section */

/* Begin PBXSourcesBuildPhase section */
		4344149619D590F100243CB4 /* Sources */ = {
			isa = PBXSourcesBuildPhase;
			buildActionMask = 2147483647;
			files = (
				434414A219D590F100243CB4 /* ViewController.swift in Sources */,
				434414A019D590F100243CB4 /* AppDelegate.swift in Sources */,
			);
			runOnlyForDeploymentPostprocessing = 0;
		};
		434414AB19D590F100243CB4 /* Sources */ = {
			isa = PBXSourcesBuildPhase;
			buildActionMask = 2147483647;
			files = (
				434414B619D590F100243CB4 /* scramblerTests.swift in Sources */,
			);
			runOnlyForDeploymentPostprocessing = 0;
		};
/* End PBXSourcesBuildPhase section */

/* Begin PBXTargetDependency section */
		434414B119D590F100243CB4 /* PBXTargetDependency */ = {
			isa = PBXTargetDependency;
			target = 4344149919D590F100243CB4 /* scrambler */;
			targetProxy = 434414B019D590F100243CB4 /* PBXContainerItemProxy */;
		};
/* End PBXTargetDependency section */

/* Begin PBXVariantGroup section */
		434414A319D590F100243CB4 /* Main.storyboard */ = {
			isa = PBXVariantGroup;
			children = (
				434414A419D590F100243CB4 /* Base */,
			);
			name = Main.storyboard;
			sourceTree = "<group>";
		};
		434414A819D590F100243CB4 /* LaunchScreen.xib */ = {
			isa = PBXVariantGroup;
			children = (
				434414A919D590F100243CB4 /* Base */,
			);
			name = LaunchScreen.xib;
			sourceTree = "<group>";
		};
/* End PBXVariantGroup section */

/* Begin XCBuildConfiguration section */
		434414B719D590F100243CB4 /* Debug */ = {
			isa = XCBuildConfiguration;
			buildSettings = {
				ALWAYS_SEARCH_USER_PATHS = NO;
				CLANG_CXX_LANGUAGE_STANDARD = "gnu++0x";
				CLANG_CXX_LIBRARY = "libc++";
				CLANG_ENABLE_MODULES = YES;
				CLANG_ENABLE_OBJC_ARC = YES;
				CLANG_WARN_BOOL_CONVERSION = YES;
				CLANG_WARN_CONSTANT_CONVERSION = YES;
				CLANG_WARN_DIRECT_OBJC_ISA_USAGE = YES_ERROR;
				CLANG_WARN_EMPTY_BODY = YES;
				CLANG_WARN_ENUM_CONVERSION = YES;
				CLANG_WARN_INT_CONVERSION = YES;
				CLANG_WARN_OBJC_ROOT_CLASS = YES_ERROR;
				CLANG_WARN_UNREACHABLE_CODE = YES;
				CLANG_WARN__DUPLICATE_METHOD_MATCH = YES;
				"CODE_SIGN_IDENTITY[sdk=iphoneos*]" = "iPhone Developer";
				COPY_PHASE_STRIP = NO;
				ENABLE_STRICT_OBJC_MSGSEND = YES;
				GCC_C_LANGUAGE_STANDARD = gnu99;
				GCC_DYNAMIC_NO_PIC = NO;
				GCC_OPTIMIZATION_LEVEL = 0;
				GCC_PREPROCESSOR_DEFINITIONS = (
					"DEBUG=1",
					"$(inherited)",
				);
				GCC_SYMBOLS_PRIVATE_EXTERN = NO;
				GCC_WARN_64_TO_32_BIT_CONVERSION = YES;
				GCC_WARN_ABOUT_RETURN_TYPE = YES_ERROR;
				GCC_WARN_UNDECLARED_SELECTOR = YES;
				GCC_WARN_UNINITIALIZED_AUTOS = YES_AGGRESSIVE;
				GCC_WARN_UNUSED_FUNCTION = YES;
				GCC_WARN_UNUSED_VARIABLE = YES;
				IPHONEOS_DEPLOYMENT_TARGET = 8.0;
				MTL_ENABLE_DEBUG_INFO = YES;
				ONLY_ACTIVE_ARCH = YES;
				SDKROOT = iphoneos;
				SWIFT_OPTIMIZATION_LEVEL = "-Onone";
				TARGETED_DEVICE_FAMILY = "1,2";
			};
			name = Debug;
		};
		434414B819D590F100243CB4 /* Release */ = {
			isa = XCBuildConfiguration;
			buildSettings = {
				ALWAYS_SEARCH_USER_PATHS = NO;
				CLANG_CXX_LANGUAGE_STANDARD = "gnu++0x";
				CLANG_CXX_LIBRARY = "libc++";
				CLANG_ENABLE_MODULES = YES;
				CLANG_ENABLE_OBJC_ARC = YES;
				CLANG_WARN_BOOL_CONVERSION = YES;
				CLANG_WARN_CONSTANT_CONVERSION = YES;
				CLANG_WARN_DIRECT_OBJC_ISA_USAGE = YES_ERROR;
				CLANG_WARN_EMPTY_BODY = YES;
				CLANG_WARN_ENUM_CONVERSION = YES;
				CLANG_WARN_INT_CONVERSION = YES;
				CLANG_WARN_OBJC_ROOT_CLASS = YES_ERROR;
				CLANG_WARN_UNREACHABLE_CODE = YES;
				CLANG_WARN__DUPLICATE_METHOD_MATCH = YES;
				"CODE_SIGN_IDENTITY[sdk=iphoneos*]" = "iPhone Developer";
				COPY_PHASE_STRIP = YES;
				ENABLE_NS_ASSERTIONS = NO;
				ENABLE_STRICT_OBJC_MSGSEND = YES;
				GCC_C_LANGUAGE_STANDARD = gnu99;
				GCC_WARN_64_TO_32_BIT_CONVERSION = YES;
				GCC_WARN_ABOUT_RETURN_TYPE = YES_ERROR;
				GCC_WARN_UNDECLARED_SELECTOR = YES;
				GCC_WARN_UNINITIALIZED_AUTOS = YES_AGGRESSIVE;
				GCC_WARN_UNUSED_FUNCTION = YES;
				GCC_WARN_UNUSED_VARIABLE = YES;
				IPHONEOS_DEPLOYMENT_TARGET = 8.0;
				MTL_ENABLE_DEBUG_INFO = NO;
				SDKROOT = iphoneos;
				TARGETED_DEVICE_FAMILY = "1,2";
				VALIDATE_PRODUCT = YES;
			};
			name = Release;
		};
		434414BA19D590F100243CB4 /* Debug */ = {
			isa = XCBuildConfiguration;
			buildSettings = {
				ASSETCATALOG_COMPILER_APPICON_NAME = AppIcon;
				INFOPLIST_FILE = scrambler/Info.plist;
				LD_RUNPATH_SEARCH_PATHS = "$(inherited) @executable_path/Frameworks";
				PRODUCT_NAME = "$(TARGET_NAME)";
			};
			name = Debug;
		};
		434414BB19D590F100243CB4 /* Release */ = {
			isa = XCBuildConfiguration;
			buildSettings = {
				ASSETCATALOG_COMPILER_APPICON_NAME = AppIcon;
				INFOPLIST_FILE = scrambler/Info.plist;
				LD_RUNPATH_SEARCH_PATHS = "$(inherited) @executable_path/Frameworks";
				PRODUCT_NAME = "$(TARGET_NAME)";
			};
			name = Release;
		};
		434414BD19D590F100243CB4 /* Debug */ = {
			isa = XCBuildConfiguration;
			buildSettings = {
				BUNDLE_LOADER = "$(TEST_HOST)";
				FRAMEWORK_SEARCH_PATHS = (
					"$(SDKROOT)/Developer/Library/Frameworks",
					"$(inherited)",
				);
				GCC_PREPROCESSOR_DEFINITIONS = (
					"DEBUG=1",
					"$(inherited)",
				);
				INFOPLIST_FILE = scramblerTests/Info.plist;
				LD_RUNPATH_SEARCH_PATHS = "$(inherited) @executable_path/Frameworks @loader_path/Frameworks";
				PRODUCT_NAME = "$(TARGET_NAME)";
				TEST_HOST = "$(BUILT_PRODUCTS_DIR)/scrambler.app/scrambler";
			};
			name = Debug;
		};
		434414BE19D590F100243CB4 /* Release */ = {
			isa = XCBuildConfiguration;
			buildSettings = {
				BUNDLE_LOADER = "$(TEST_HOST)";
				FRAMEWORK_SEARCH_PATHS = (
					"$(SDKROOT)/Developer/Library/Frameworks",
					"$(inherited)",
				);
				INFOPLIST_FILE = scramblerTests/Info.plist;
				LD_RUNPATH_SEARCH_PATHS = "$(inherited) @executable_path/Frameworks @loader_path/Frameworks";
				PRODUCT_NAME = "$(TARGET_NAME)";
				TEST_HOST = "$(BUILT_PRODUCTS_DIR)/scrambler.app/scrambler";
			};
			name = Release;
		};
/* End XCBuildConfiguration section */

/* Begin XCConfigurationList section */
		4344149519D590F100243CB4 /* Build configuration list for PBXProject "scrambler" */ = {
			isa = XCConfigurationList;
			buildConfigurations = (
				434414B719D590F100243CB4 /* Debug */,
				434414B819D590F100243CB4 /* Release */,
			);
			defaultConfigurationIsVisible = 0;
			defaultConfigurationName = Release;
		};
		434414B919D590F100243CB4 /* Build configuration list for PBXNativeTarget "scrambler" */ = {
			isa = XCConfigurationList;
			buildConfigurations = (
				434414BA19D590F100243CB4 /* Debug */,
				434414BB19D590F100243CB4 /* Release */,
			);
			defaultConfigurationIsVisible = 0;
		};
		434414BC19D590F100243CB4 /* Build configuration list for PBXNativeTarget "scramblerTests" */ = {
			isa = XCConfigurationList;
			buildConfigurations = (
				434414BD19D590F100243CB4 /* Debug */,
				434414BE19D590F100243CB4 /* Release */,
			);
			defaultConfigurationIsVisible = 0;
		};
/* End XCConfigurationList section */
	};
	rootObject = 4344149219D590F100243CB4 /* Project object */;
}
